
Microsoft Visual Studio Solution File, Format Version 12.00
# Visual Studio Version 17
VisualStudioVersion = 17.0.31912.275
MinimumVisualStudioVersion = 10.0.40219.1
Project("{2150E333-8FDC-42A3-9474-1A3956D46DE8}") = "Solution Items", "Solution Items", "{04812FE1-E2E5-4EB3-86F4-E9E3851BE1E7}"
	ProjectSection(SolutionItems) = preProject
		.gitignore = .gitignore
		README.md = README.md
	EndProjectSection
EndProject
Project("{9A19103F-16F7-4668-BE54-9A1E7A4F7556}") = "GovUk.Frontend.Umbraco", "GovUk.Frontend.Umbraco\GovUk.Frontend.Umbraco.csproj", "{B0D74DE0-13E1-40A0-AA15-9A81E5356C4B}"
EndProject
Project("{9A19103F-16F7-4668-BE54-9A1E7A4F7556}") = "GovUk.Frontend.AspNetCore.Extensions", "GovUk.Frontend.AspNetCore.Extensions\GovUk.Frontend.AspNetCore.Extensions.csproj", "{63F4C04D-3311-44DD-8F06-64F7E0396395}"
EndProject
Project("{9A19103F-16F7-4668-BE54-9A1E7A4F7556}") = "GovUk.Frontend.ExampleApp", "GovUk.Frontend.ExampleApp\GovUk.Frontend.ExampleApp.csproj", "{3C79758F-B47E-47FD-AFF9-7E14F9CA8775}"
EndProject
Project("{9A19103F-16F7-4668-BE54-9A1E7A4F7556}") = "GovUk.Frontend.Umbraco.ExampleApp", "GovUk.Frontend.Umbraco.ExampleApp\GovUk.Frontend.Umbraco.ExampleApp.csproj", "{58C3146F-D2C2-46D8-B59C-2482E75584EF}"
EndProject
Project("{9A19103F-16F7-4668-BE54-9A1E7A4F7556}") = "GovUk.Frontend.Umbraco.Tests", "GovUk.Frontend.Umbraco.Tests\GovUk.Frontend.Umbraco.Tests.csproj", "{216A148E-1402-4778-9823-2FE5ADDF1360}"
EndProject
Project("{9A19103F-16F7-4668-BE54-9A1E7A4F7556}") = "GovUk.Frontend.AspNetCore.Extensions.Tests", "GovUk.Frontend.AspNetCore.Extensions.Tests\GovUk.Frontend.AspNetCore.Extensions.Tests.csproj", "{AC6F49AE-C825-466D-837A-9376CF1FAA07}"
EndProject
Project("{9A19103F-16F7-4668-BE54-9A1E7A4F7556}") = "GovUk.Frontend.ExampleSharedResource", "SharedResourceLibrary\GovUk.Frontend.ExampleSharedResource.csproj", "{9E55BF8E-A29A-462C-AB98-AE73AB6F722C}"
EndProject
Project("{9A19103F-16F7-4668-BE54-9A1E7A4F7556}") = "GovUk.Frontend.Umbraco.Testing", "GovUk.Frontend.Umbraco.Testing\GovUk.Frontend.Umbraco.Testing.csproj", "{94C814E0-28CB-48B4-9C31-D29F611EFF4D}"
EndProject
Project("{9A19103F-16F7-4668-BE54-9A1E7A4F7556}") = "GovUk.Frontend.Umbraco.Testing.Tests", "GovUk.Frontend.Umbraco.Testing.Tests\GovUk.Frontend.Umbraco.Testing.Tests.csproj", "{1EE40980-0B7B-4ABE-9114-FBB0903473DF}"
EndProject
Project("{FAE04EC0-301F-11D3-BF4B-00C04F79EFBC}") = "ThePensionsRegulator.Umbraco", "ThePensionsRegulator.Umbraco\ThePensionsRegulator.Umbraco.csproj", "{D3D20332-3DBE-403B-8111-DDAE8AFF952B}"
EndProject
Project("{FAE04EC0-301F-11D3-BF4B-00C04F79EFBC}") = "ThePensionsRegulator.Umbraco.Tests", "ThePensionsRegulator.Umbraco.Tests\ThePensionsRegulator.Umbraco.Tests.csproj", "{1BF4CD4A-4EE2-4D2A-B2AA-D79285E3140B}"
EndProject
Global
	GlobalSection(SolutionConfigurationPlatforms) = preSolution
		Debug|Any CPU = Debug|Any CPU
		Release|Any CPU = Release|Any CPU
	EndGlobalSection
	GlobalSection(ProjectConfigurationPlatforms) = postSolution
		{B0D74DE0-13E1-40A0-AA15-9A81E5356C4B}.Debug|Any CPU.ActiveCfg = Debug|Any CPU
		{B0D74DE0-13E1-40A0-AA15-9A81E5356C4B}.Debug|Any CPU.Build.0 = Debug|Any CPU
		{B0D74DE0-13E1-40A0-AA15-9A81E5356C4B}.Release|Any CPU.ActiveCfg = Release|Any CPU
		{B0D74DE0-13E1-40A0-AA15-9A81E5356C4B}.Release|Any CPU.Build.0 = Release|Any CPU
		{63F4C04D-3311-44DD-8F06-64F7E0396395}.Debug|Any CPU.ActiveCfg = Debug|Any CPU
		{63F4C04D-3311-44DD-8F06-64F7E0396395}.Debug|Any CPU.Build.0 = Debug|Any CPU
		{63F4C04D-3311-44DD-8F06-64F7E0396395}.Release|Any CPU.ActiveCfg = Release|Any CPU
		{63F4C04D-3311-44DD-8F06-64F7E0396395}.Release|Any CPU.Build.0 = Release|Any CPU
		{3C79758F-B47E-47FD-AFF9-7E14F9CA8775}.Debug|Any CPU.ActiveCfg = Debug|Any CPU
		{3C79758F-B47E-47FD-AFF9-7E14F9CA8775}.Debug|Any CPU.Build.0 = Debug|Any CPU
		{3C79758F-B47E-47FD-AFF9-7E14F9CA8775}.Release|Any CPU.ActiveCfg = Release|Any CPU
		{3C79758F-B47E-47FD-AFF9-7E14F9CA8775}.Release|Any CPU.Build.0 = Release|Any CPU
		{58C3146F-D2C2-46D8-B59C-2482E75584EF}.Debug|Any CPU.ActiveCfg = Debug|Any CPU
		{58C3146F-D2C2-46D8-B59C-2482E75584EF}.Debug|Any CPU.Build.0 = Debug|Any CPU
		{58C3146F-D2C2-46D8-B59C-2482E75584EF}.Release|Any CPU.ActiveCfg = Release|Any CPU
		{58C3146F-D2C2-46D8-B59C-2482E75584EF}.Release|Any CPU.Build.0 = Release|Any CPU
		{216A148E-1402-4778-9823-2FE5ADDF1360}.Debug|Any CPU.ActiveCfg = Debug|Any CPU
		{216A148E-1402-4778-9823-2FE5ADDF1360}.Debug|Any CPU.Build.0 = Debug|Any CPU
		{216A148E-1402-4778-9823-2FE5ADDF1360}.Release|Any CPU.ActiveCfg = Release|Any CPU
		{216A148E-1402-4778-9823-2FE5ADDF1360}.Release|Any CPU.Build.0 = Release|Any CPU
		{AC6F49AE-C825-466D-837A-9376CF1FAA07}.Debug|Any CPU.ActiveCfg = Debug|Any CPU
		{AC6F49AE-C825-466D-837A-9376CF1FAA07}.Debug|Any CPU.Build.0 = Debug|Any CPU
		{AC6F49AE-C825-466D-837A-9376CF1FAA07}.Release|Any CPU.ActiveCfg = Release|Any CPU
		{AC6F49AE-C825-466D-837A-9376CF1FAA07}.Release|Any CPU.Build.0 = Release|Any CPU
		{9E55BF8E-A29A-462C-AB98-AE73AB6F722C}.Debug|Any CPU.ActiveCfg = Debug|Any CPU
		{9E55BF8E-A29A-462C-AB98-AE73AB6F722C}.Debug|Any CPU.Build.0 = Debug|Any CPU
		{9E55BF8E-A29A-462C-AB98-AE73AB6F722C}.Release|Any CPU.ActiveCfg = Release|Any CPU
		{9E55BF8E-A29A-462C-AB98-AE73AB6F722C}.Release|Any CPU.Build.0 = Release|Any CPU
		{94C814E0-28CB-48B4-9C31-D29F611EFF4D}.Debug|Any CPU.ActiveCfg = Debug|Any CPU
		{94C814E0-28CB-48B4-9C31-D29F611EFF4D}.Debug|Any CPU.Build.0 = Debug|Any CPU
		{94C814E0-28CB-48B4-9C31-D29F611EFF4D}.Release|Any CPU.ActiveCfg = Release|Any CPU
		{94C814E0-28CB-48B4-9C31-D29F611EFF4D}.Release|Any CPU.Build.0 = Release|Any CPU
		{1EE40980-0B7B-4ABE-9114-FBB0903473DF}.Debug|Any CPU.ActiveCfg = Debug|Any CPU
		{1EE40980-0B7B-4ABE-9114-FBB0903473DF}.Debug|Any CPU.Build.0 = Debug|Any CPU
		{1EE40980-0B7B-4ABE-9114-FBB0903473DF}.Release|Any CPU.ActiveCfg = Release|Any CPU
		{1EE40980-0B7B-4ABE-9114-FBB0903473DF}.Release|Any CPU.Build.0 = Release|Any CPU
		{D3D20332-3DBE-403B-8111-DDAE8AFF952B}.Debug|Any CPU.ActiveCfg = Debug|Any CPU
		{D3D20332-3DBE-403B-8111-DDAE8AFF952B}.Debug|Any CPU.Build.0 = Debug|Any CPU
		{D3D20332-3DBE-403B-8111-DDAE8AFF952B}.Release|Any CPU.ActiveCfg = Release|Any CPU
		{D3D20332-3DBE-403B-8111-DDAE8AFF952B}.Release|Any CPU.Build.0 = Release|Any CPU
		{1BF4CD4A-4EE2-4D2A-B2AA-D79285E3140B}.Debug|Any CPU.ActiveCfg = Debug|Any CPU
		{1BF4CD4A-4EE2-4D2A-B2AA-D79285E3140B}.Debug|Any CPU.Build.0 = Debug|Any CPU
		{1BF4CD4A-4EE2-4D2A-B2AA-D79285E3140B}.Release|Any CPU.ActiveCfg = Release|Any CPU
		{1BF4CD4A-4EE2-4D2A-B2AA-D79285E3140B}.Release|Any CPU.Build.0 = Release|Any CPU
	EndGlobalSection
	GlobalSection(SolutionProperties) = preSolution
		HideSolutionNode = FALSE
	EndGlobalSection
	GlobalSection(ExtensibilityGlobals) = postSolution
		SolutionGuid = {B02B883D-F0BF-4AE8-9696-2F5F92C103E1}
	EndGlobalSection
EndGlobal
