<Solution>
  <Folder Name="/Solution Items/">
    <File Path=".gitignore" />
    <File Path="Directory.Build.props" />
    <File Path="README.md" />
  </Folder>
  <Project Path="GovUk.Frontend.ExampleApp/GovUk.Frontend.ExampleApp.csproj" />
  <Project Path="GovUk.Frontend.Umbraco.ExampleApp/GovUk.Frontend.Umbraco.ExampleApp.csproj" />
  <Project Path="SharedResourceLibrary/GovUk.Frontend.ExampleSharedResource.csproj" />
  <Project Path="ThePensionsRegulator.Frontend.Tests/ThePensionsRegulator.Frontend.Tests.csproj" />
  <Project Path="ThePensionsRegulator.Frontend.Umbraco.Tests/ThePensionsRegulator.Frontend.Umbraco.Tests.csproj" />
  <Project Path="ThePensionsRegulator.Frontend.Umbraco/ThePensionsRegulator.Frontend.Umbraco.csproj" />
  <Project Path="ThePensionsRegulator.Frontend/ThePensionsRegulator.Frontend.csproj" />
  <Project Path="ThePensionsRegulator.GovUk.Frontend.ConformanceTests/ThePensionsRegulator.GovUk.Frontend.ConformanceTests.csproj" />
  <Project Path="ThePensionsRegulator.GovUk.Frontend.Umbraco.Tests/ThePensionsRegulator.GovUk.Frontend.Umbraco.Tests.csproj" />
  <Project Path="ThePensionsRegulator.GovUk.Frontend.Umbraco/ThePensionsRegulator.GovUk.Frontend.Umbraco.csproj" />
  <Project Path="ThePensionsRegulator.GovUk.Frontend.UnitTests/ThePensionsRegulator.GovUk.Frontend.UnitTests.csproj" />
  <Project Path="ThePensionsRegulator.GovUk.Frontend/ThePensionsRegulator.GovUk.Frontend.csproj" />
  <Project Path="ThePensionsRegulator.Umbraco.Core.Tests/ThePensionsRegulator.Umbraco.Core.Tests.csproj" />
  <Project Path="ThePensionsRegulator.Umbraco.Core/ThePensionsRegulator.Umbraco.Core.csproj" />
  <Project Path="ThePensionsRegulator.Umbraco.Testing.Tests/ThePensionsRegulator.Umbraco.Testing.Tests.csproj" />
  <Project Path="ThePensionsRegulator.Umbraco.Testing/ThePensionsRegulator.Umbraco.Testing.csproj" />
</Solution>
